
Microsoft Visual Studio Solution File, Format Version 12.00
# Visual Studio Version 17
VisualStudioVersion = 17.4.33110.190
MinimumVisualStudioVersion = 10.0.40219.1
Project("{2150E333-8FDC-42A3-9474-1A3956D46DE8}") = "src", "src", "{3B8BD1C4-783F-4E52-A508-325F247C0A79}"
EndProject
Project("{9A19103F-16F7-4668-BE54-9A1E7A4F7556}") = "Chetvyorochka.DAL", "src\Chetvyorochka.DAL\Chetvyorochka.DAL.csproj", "{59DC390E-CF2F-435E-A651-1BC22C1D63CF}"
EndProject
Project("{9A19103F-16F7-4668-BE54-9A1E7A4F7556}") = "Chetvyorochka.BL", "src\Chetvyorochka.BL\Chetvyorochka.BL.csproj", "{14376EFB-168F-4034-9FC2-A935DDF0864E}"
EndProject
Project("{9A19103F-16F7-4668-BE54-9A1E7A4F7556}") = "Chetvyorochka.PL", "src\Chetvyorochka.PL\Chetvyorochka.PL.csproj", "{CB0E70DE-BF39-4FFD-80FE-AA470E221727}"
EndProject
Global
	GlobalSection(SolutionConfigurationPlatforms) = preSolution
		Debug|Any CPU = Debug|Any CPU
		Release|Any CPU = Release|Any CPU
	EndGlobalSection
	GlobalSection(ProjectConfigurationPlatforms) = postSolution
		{59DC390E-CF2F-435E-A651-1BC22C1D63CF}.Debug|Any CPU.ActiveCfg = Debug|Any CPU
		{59DC390E-CF2F-435E-A651-1BC22C1D63CF}.Debug|Any CPU.Build.0 = Debug|Any CPU
		{59DC390E-CF2F-435E-A651-1BC22C1D63CF}.Release|Any CPU.ActiveCfg = Release|Any CPU
		{59DC390E-CF2F-435E-A651-1BC22C1D63CF}.Release|Any CPU.Build.0 = Release|Any CPU
		{14376EFB-168F-4034-9FC2-A935DDF0864E}.Debug|Any CPU.ActiveCfg = Debug|Any CPU
		{14376EFB-168F-4034-9FC2-A935DDF0864E}.Debug|Any CPU.Build.0 = Debug|Any CPU
		{14376EFB-168F-4034-9FC2-A935DDF0864E}.Release|Any CPU.ActiveCfg = Release|Any CPU
		{14376EFB-168F-4034-9FC2-A935DDF0864E}.Release|Any CPU.Build.0 = Release|Any CPU
		{CB0E70DE-BF39-4FFD-80FE-AA470E221727}.Debug|Any CPU.ActiveCfg = Debug|Any CPU
		{CB0E70DE-BF39-4FFD-80FE-AA470E221727}.Debug|Any CPU.Build.0 = Debug|Any CPU
		{CB0E70DE-BF39-4FFD-80FE-AA470E221727}.Release|Any CPU.ActiveCfg = Release|Any CPU
		{CB0E70DE-BF39-4FFD-80FE-AA470E221727}.Release|Any CPU.Build.0 = Release|Any CPU
	EndGlobalSection
	GlobalSection(SolutionProperties) = preSolution
		HideSolutionNode = FALSE
	EndGlobalSection
	GlobalSection(NestedProjects) = preSolution
		{59DC390E-CF2F-435E-A651-1BC22C1D63CF} = {3B8BD1C4-783F-4E52-A508-325F247C0A79}
		{14376EFB-168F-4034-9FC2-A935DDF0864E} = {3B8BD1C4-783F-4E52-A508-325F247C0A79}
		{CB0E70DE-BF39-4FFD-80FE-AA470E221727} = {3B8BD1C4-783F-4E52-A508-325F247C0A79}
	EndGlobalSection
	GlobalSection(ExtensibilityGlobals) = postSolution
		SolutionGuid = {E648E397-8CFA-4AE8-A889-EB4446F50BC8}
	EndGlobalSection
EndGlobal
